
Microsoft Visual Studio Solution File, Format Version 12.00
# Visual Studio Version 17
VisualStudioVersion = 17.10.35027.167
MinimumVisualStudioVersion = 10.0.40219.1
Project("{FAE04EC0-301F-11D3-BF4B-00C04F79EFBC}") = "UsuProject", "UsuProject\UsuProject.csproj", "{FE769F0E-6543-4F29-9252-BB74C65171DC}"
EndProject
Global
	GlobalSection(SolutionConfigurationPlatforms) = preSolution
		Debug|Any CPU = Debug|Any CPU
		Release|Any CPU = Release|Any CPU
	EndGlobalSection
	GlobalSection(ProjectConfigurationPlatforms) = postSolution
		{FE769F0E-6543-4F29-9252-BB74C65171DC}.Debug|Any CPU.ActiveCfg = Debug|Any CPU
		{FE769F0E-6543-4F29-9252-BB74C65171DC}.Debug|Any CPU.Build.0 = Debug|Any CPU
		{FE769F0E-6543-4F29-9252-BB74C65171DC}.Release|Any CPU.ActiveCfg = Release|Any CPU
		{FE769F0E-6543-4F29-9252-BB74C65171DC}.Release|Any CPU.Build.0 = Release|Any CPU
	EndGlobalSection
	GlobalSection(SolutionProperties) = preSolution
		HideSolutionNode = FALSE
	EndGlobalSection
	GlobalSection(ExtensibilityGlobals) = postSolution
		SolutionGuid = {8378E00F-41BB-441D-9FDA-3DAB4699B612}
	EndGlobalSection
EndGlobal
